// !$*UTF8*$!
{
	archiveVersion = 1;
	classes = {
	};
	objectVersion = 55;
	objects = {

/* Begin PBXBuildFile section */
		5EE9802A28163C9400ABC285 /* AppDelegate.m in Sources */ = {isa = PBXBuildFile; fileRef = 5EE9802928163C9400ABC285 /* AppDelegate.m */; };
		5EE9802D28163C9400ABC285 /* SceneDelegate.m in Sources */ = {isa = PBXBuildFile; fileRef = 5EE9802C28163C9400ABC285 /* SceneDelegate.m */; };
		5EE9803028163C9400ABC285 /* ViewController.m in Sources */ = {isa = PBXBuildFile; fileRef = 5EE9802F28163C9400ABC285 /* ViewController.m */; };
		5EE9803328163C9400ABC285 /* Main.storyboard in Resources */ = {isa = PBXBuildFile; fileRef = 5EE9803128163C9400ABC285 /* Main.storyboard */; };
		5EE9803528163C9700ABC285 /* Assets.xcassets in Resources */ = {isa = PBXBuildFile; fileRef = 5EE9803428163C9700ABC285 /* Assets.xcassets */; };
		5EE9803828163C9700ABC285 /* LaunchScreen.storyboard in Resources */ = {isa = PBXBuildFile; fileRef = 5EE9803628163C9700ABC285 /* LaunchScreen.storyboard */; };
		5EE9803B28163C9700ABC285 /* main.m in Sources */ = {isa = PBXBuildFile; fileRef = 5EE9803A28163C9700ABC285 /* main.m */; };
		5EE9804528163C9700ABC285 /* TestTests.m in Sources */ = {isa = PBXBuildFile; fileRef = 5EE9804428163C9700ABC285 /* TestTests.m */; };
		5EE9804F28163C9700ABC285 /* TestUITests.m in Sources */ = {isa = PBXBuildFile; fileRef = 5EE9804E28163C9700ABC285 /* TestUITests.m */; };
		5EE9805128163C9700ABC285 /* TestUITestsLaunchTests.m in Sources */ = {isa = PBXBuildFile; fileRef = 5EE9805028163C9700ABC285 /* TestUITestsLaunchTests.m */; };
/* End PBXBuildFile section */

/* Begin PBXContainerItemProxy section */
		5EE9804128163C9700ABC285 /* PBXContainerItemProxy */ = {
			isa = PBXContainerItemProxy;
			containerPortal = 5EE9801D28163C9400ABC285 /* Project object */;
			proxyType = 1;
			remoteGlobalIDString = 5EE9802428163C9400ABC285;
			remoteInfo = Test;
		};
		5EE9804B28163C9700ABC285 /* PBXContainerItemProxy */ = {
			isa = PBXContainerItemProxy;
			containerPortal = 5EE9801D28163C9400ABC285 /* Project object */;
			proxyType = 1;
			remoteGlobalIDString = 5EE9802428163C9400ABC285;
			remoteInfo = Test;
		};
/* End PBXContainerItemProxy section */

/* Begin PBXFileReference section */
		5EE9802528163C9400ABC285 /* Test.app */ = {isa = PBXFileReference; explicitFileType = wrapper.application; includeInIndex = 0; path = Test.app; sourceTree = BUILT_PRODUCTS_DIR; };
		5EE9802828163C9400ABC285 /* AppDelegate.h */ = {isa = PBXFileReference; lastKnownFileType = sourcecode.c.h; path = AppDelegate.h; sourceTree = "<group>"; };
		5EE9802928163C9400ABC285 /* AppDelegate.m */ = {isa = PBXFileReference; lastKnownFileType = sourcecode.c.objc; path = AppDelegate.m; sourceTree = "<group>"; };
		5EE9802B28163C9400ABC285 /* SceneDelegate.h */ = {isa = PBXFileReference; lastKnownFileType = sourcecode.c.h; path = SceneDelegate.h; sourceTree = "<group>"; };
		5EE9802C28163C9400ABC285 /* SceneDelegate.m */ = {isa = PBXFileReference; lastKnownFileType = sourcecode.c.objc; path = SceneDelegate.m; sourceTree = "<group>"; };
		5EE9802E28163C9400ABC285 /* ViewController.h */ = {isa = PBXFileReference; lastKnownFileType = sourcecode.c.h; path = ViewController.h; sourceTree = "<group>"; };
		5EE9802F28163C9400ABC285 /* ViewController.m */ = {isa = PBXFileReference; lastKnownFileType = sourcecode.c.objc; path = ViewController.m; sourceTree = "<group>"; };
		5EE9803228163C9400ABC285 /* Base */ = {isa = PBXFileReference; lastKnownFileType = file.storyboard; name = Base; path = Base.lproj/Main.storyboard; sourceTree = "<group>"; };
		5EE9803428163C9700ABC285 /* Assets.xcassets */ = {isa = PBXFileReference; lastKnownFileType = folder.assetcatalog; path = Assets.xcassets; sourceTree = "<group>"; };
		5EE9803728163C9700ABC285 /* Base */ = {isa = PBXFileReference; lastKnownFileType = file.storyboard; name = Base; path = Base.lproj/LaunchScreen.storyboard; sourceTree = "<group>"; };
		5EE9803928163C9700ABC285 /* Info.plist */ = {isa = PBXFileReference; lastKnownFileType = text.plist.xml; path = Info.plist; sourceTree = "<group>"; };
		5EE9803A28163C9700ABC285 /* main.m */ = {isa = PBXFileReference; lastKnownFileType = sourcecode.c.objc; path = main.m; sourceTree = "<group>"; };
		5EE9804028163C9700ABC285 /* TestTests.xctest */ = {isa = PBXFileReference; explicitFileType = wrapper.cfbundle; includeInIndex = 0; path = TestTests.xctest; sourceTree = BUILT_PRODUCTS_DIR; };
		5EE9804428163C9700ABC285 /* TestTests.m */ = {isa = PBXFileReference; lastKnownFileType = sourcecode.c.objc; path = TestTests.m; sourceTree = "<group>"; };
		5EE9804A28163C9700ABC285 /* TestUITests.xctest */ = {isa = PBXFileReference; explicitFileType = wrapper.cfbundle; includeInIndex = 0; path = TestUITests.xctest; sourceTree = BUILT_PRODUCTS_DIR; };
		5EE9804E28163C9700ABC285 /* TestUITests.m */ = {isa = PBXFileReference; lastKnownFileType = sourcecode.c.objc; path = TestUITests.m; sourceTree = "<group>"; };
		5EE9805028163C9700ABC285 /* TestUITestsLaunchTests.m */ = {isa = PBXFileReference; lastKnownFileType = sourcecode.c.objc; path = TestUITestsLaunchTests.m; sourceTree = "<group>"; };
/* End PBXFileReference section */

/* Begin PBXFrameworksBuildPhase section */
		5EE9802228163C9400ABC285 /* Frameworks */ = {
			isa = PBXFrameworksBuildPhase;
			buildActionMask = 2147483647;
			files = (
			);
			runOnlyForDeploymentPostprocessing = 0;
		};
		5EE9803D28163C9700ABC285 /* Frameworks */ = {
			isa = PBXFrameworksBuildPhase;
			buildActionMask = 2147483647;
			files = (
			);
			runOnlyForDeploymentPostprocessing = 0;
		};
		5EE9804728163C9700ABC285 /* Frameworks */ = {
			isa = PBXFrameworksBuildPhase;
			buildActionMask = 2147483647;
			files = (
			);
			runOnlyForDeploymentPostprocessing = 0;
		};
/* End PBXFrameworksBuildPhase section */

/* Begin PBXGroup section */
		5EE9801C28163C9400ABC285 = {
			isa = PBXGroup;
			children = (
				5EE9802728163C9400ABC285 /* Test */,
				5EE9804328163C9700ABC285 /* TestTests */,
				5EE9804D28163C9700ABC285 /* TestUITests */,
				5EE9802628163C9400ABC285 /* Products */,
			);
			sourceTree = "<group>";
		};
		5EE9802628163C9400ABC285 /* Products */ = {
			isa = PBXGroup;
			children = (
				5EE9802528163C9400ABC285 /* Test.app */,
				5EE9804028163C9700ABC285 /* TestTests.xctest */,
				5EE9804A28163C9700ABC285 /* TestUITests.xctest */,
			);
			name = Products;
			sourceTree = "<group>";
		};
		5EE9802728163C9400ABC285 /* Test */ = {
			isa = PBXGroup;
			children = (
				5EE9802828163C9400ABC285 /* AppDelegate.h */,
				5EE9802928163C9400ABC285 /* AppDelegate.m */,
				5EE9802B28163C9400ABC285 /* SceneDelegate.h */,
				5EE9802C28163C9400ABC285 /* SceneDelegate.m */,
				5EE9802E28163C9400ABC285 /* ViewController.h */,
				5EE9802F28163C9400ABC285 /* ViewController.m */,
				5EE9803128163C9400ABC285 /* Main.storyboard */,
				5EE9803428163C9700ABC285 /* Assets.xcassets */,
				5EE9803628163C9700ABC285 /* LaunchScreen.storyboard */,
				5EE9803928163C9700ABC285 /* Info.plist */,
				5EE9803A28163C9700ABC285 /* main.m */,
			);
			path = Test;
			sourceTree = "<group>";
		};
		5EE9804328163C9700ABC285 /* TestTests */ = {
			isa = PBXGroup;
			children = (
				5EE9804428163C9700ABC285 /* TestTests.m */,
			);
			path = TestTests;
			sourceTree = "<group>";
		};
		5EE9804D28163C9700ABC285 /* TestUITests */ = {
			isa = PBXGroup;
			children = (
				5EE9804E28163C9700ABC285 /* TestUITests.m */,
				5EE9805028163C9700ABC285 /* TestUITestsLaunchTests.m */,
			);
			path = TestUITests;
			sourceTree = "<group>";
		};
/* End PBXGroup section */

/* Begin PBXNativeTarget section */
		5EE9802428163C9400ABC285 /* Test */ = {
			isa = PBXNativeTarget;
			buildConfigurationList = 5EE9805428163C9700ABC285 /* Build configuration list for PBXNativeTarget "Test" */;
			buildPhases = (
				5EE9802128163C9400ABC285 /* Sources */,
				5EE9802228163C9400ABC285 /* Frameworks */,
				5EE9802328163C9400ABC285 /* Resources */,
			);
			buildRules = (
			);
			dependencies = (
			);
			name = Test;
			productName = Test;
			productReference = 5EE9802528163C9400ABC285 /* Test.app */;
			productType = "com.apple.product-type.application";
		};
		5EE9803F28163C9700ABC285 /* TestTests */ = {
			isa = PBXNativeTarget;
			buildConfigurationList = 5EE9805728163C9700ABC285 /* Build configuration list for PBXNativeTarget "TestTests" */;
			buildPhases = (
				5EE9803C28163C9700ABC285 /* Sources */,
				5EE9803D28163C9700ABC285 /* Frameworks */,
				5EE9803E28163C9700ABC285 /* Resources */,
			);
			buildRules = (
			);
			dependencies = (
				5EE9804228163C9700ABC285 /* PBXTargetDependency */,
			);
			name = TestTests;
			productName = TestTests;
			productReference = 5EE9804028163C9700ABC285 /* TestTests.xctest */;
			productType = "com.apple.product-type.bundle.unit-test";
		};
		5EE9804928163C9700ABC285 /* TestUITests */ = {
			isa = PBXNativeTarget;
			buildConfigurationList = 5EE9805A28163C9700ABC285 /* Build configuration list for PBXNativeTarget "TestUITests" */;
			buildPhases = (
				5EE9804628163C9700ABC285 /* Sources */,
				5EE9804728163C9700ABC285 /* Frameworks */,
				5EE9804828163C9700ABC285 /* Resources */,
			);
			buildRules = (
			);
			dependencies = (
				5EE9804C28163C9700ABC285 /* PBXTargetDependency */,
			);
			name = TestUITests;
			productName = TestUITests;
			productReference = 5EE9804A28163C9700ABC285 /* TestUITests.xctest */;
			productType = "com.apple.product-type.bundle.ui-testing";
		};
/* End PBXNativeTarget section */

/* Begin PBXProject section */
		5EE9801D28163C9400ABC285 /* Project object */ = {
			isa = PBXProject;
			attributes = {
				BuildIndependentTargetsInParallel = 1;
				LastUpgradeCheck = 1330;
				TargetAttributes = {
					5EE9802428163C9400ABC285 = {
						CreatedOnToolsVersion = 13.3.1;
					};
					5EE9803F28163C9700ABC285 = {
						CreatedOnToolsVersion = 13.3.1;
						TestTargetID = 5EE9802428163C9400ABC285;
					};
					5EE9804928163C9700ABC285 = {
						CreatedOnToolsVersion = 13.3.1;
						TestTargetID = 5EE9802428163C9400ABC285;
					};
				};
			};
			buildConfigurationList = 5EE9802028163C9400ABC285 /* Build configuration list for PBXProject "Test" */;
			compatibilityVersion = "Xcode 13.0";
			developmentRegion = en;
			hasScannedForEncodings = 0;
			knownRegions = (
				en,
				Base,
			);
			mainGroup = 5EE9801C28163C9400ABC285;
			productRefGroup = 5EE9801C28163C9400ABC285 /* Products */;
			projectDirPath = "";
			projectRoot = "";
			targets = (
				5EE9802428163C9400ABC285 /* Test */,
				5EE9803F28163C9700ABC285 /* TestTests */,
				5EE9804928163C9700ABC285 /* TestUITests */,
			);
		};
/* End PBXProject section */

/* Begin PBXResourcesBuildPhase section */
		5EE9802328163C9400ABC285 /* Resources */ = {
			isa = PBXResourcesBuildPhase;
			buildActionMask = 2147483647;
			files = (
				5EE9803828163C9700ABC285 /* LaunchScreen.storyboard in Resources */,
				5EE9803528163C9700ABC285 /* Assets.xcassets in Resources */,
				5EE9803328163C9400ABC285 /* Main.storyboard in Resources */,
			);
			runOnlyForDeploymentPostprocessing = 0;
		};
		5EE9803E28163C9700ABC285 /* Resources */ = {
			isa = PBXResourcesBuildPhase;
			buildActionMask = 2147483647;
			files = (
			);
			runOnlyForDeploymentPostprocessing = 0;
		};
		5EE9804828163C9700ABC285 /* Resources */ = {
			isa = PBXResourcesBuildPhase;
			buildActionMask = 2147483647;
			files = (
			);
			runOnlyForDeploymentPostprocessing = 0;
		};
/* End PBXResourcesBuildPhase section */

/* Begin PBXSourcesBuildPhase section */
		5EE9802128163C9400ABC285 /* Sources */ = {
			isa = PBXSourcesBuildPhase;
			buildActionMask = 2147483647;
			files = (
				5EE9803028163C9400ABC285 /* ViewController.m in Sources */,
				5EE9802A28163C9400ABC285 /* AppDelegate.m in Sources */,
				5EE9803B28163C9700ABC285 /* main.m in Sources */,
				5EE9802D28163C9400ABC285 /* SceneDelegate.m in Sources */,
			);
			runOnlyForDeploymentPostprocessing = 0;
		};
		5EE9803C28163C9700ABC285 /* Sources */ = {
			isa = PBXSourcesBuildPhase;
			buildActionMask = 2147483647;
			files = (
				5EE9804528163C9700ABC285 /* TestTests.m in Sources */,
			);
			runOnlyForDeploymentPostprocessing = 0;
		};
		5EE9804628163C9700ABC285 /* Sources */ = {
			isa = PBXSourcesBuildPhase;
			buildActionMask = 2147483647;
			files = (
				5EE9805128163C9700ABC285 /* TestUITestsLaunchTests.m in Sources */,
				5EE9804F28163C9700ABC285 /* TestUITests.m in Sources */,
			);
			runOnlyForDeploymentPostprocessing = 0;
		};
/* End PBXSourcesBuildPhase section */

/* Begin PBXTargetDependency section */
		5EE9804228163C9700ABC285 /* PBXTargetDependency */ = {
			isa = PBXTargetDependency;
			target = 5EE9802428163C9400ABC285 /* Test */;
			targetProxy = 5EE9804128163C9700ABC285 /* PBXContainerItemProxy */;
		};
		5EE9804C28163C9700ABC285 /* PBXTargetDependency */ = {
			isa = PBXTargetDependency;
			target = 5EE9802428163C9400ABC285 /* Test */;
			targetProxy = 5EE9804B28163C9700ABC285 /* PBXContainerItemProxy */;
		};
/* End PBXTargetDependency section */

/* Begin PBXVariantGroup section */
		5EE9803128163C9400ABC285 /* Main.storyboard */ = {
			isa = PBXVariantGroup;
			children = (
				5EE9803228163C9400ABC285 /* Base */,
			);
			name = Main.storyboard;
			sourceTree = "<group>";
		};
		5EE9803628163C9700ABC285 /* LaunchScreen.storyboard */ = {
			isa = PBXVariantGroup;
			children = (
				5EE9803728163C9700ABC285 /* Base */,
			);
			name = LaunchScreen.storyboard;
			sourceTree = "<group>";
		};
/* End PBXVariantGroup section */

/* Begin XCBuildConfiguration section */
		5EE9805228163C9700ABC285 /* Debug */ = {
			isa = XCBuildConfiguration;
			buildSettings = {
				ALWAYS_SEARCH_USER_PATHS = NO;
				CLANG_ANALYZER_NONNULL = YES;
				CLANG_ANALYZER_NUMBER_OBJECT_CONVERSION = YES_AGGRESSIVE;
				CLANG_CXX_LANGUAGE_STANDARD = "gnu++17";
				CLANG_ENABLE_MODULES = YES;
				CLANG_ENABLE_OBJC_ARC = YES;
				CLANG_ENABLE_OBJC_WEAK = YES;
				CLANG_WARN_BLOCK_CAPTURE_AUTORELEASING = YES;
				CLANG_WARN_BOOL_CONVERSION = YES;
				CLANG_WARN_COMMA = YES;
				CLANG_WARN_CONSTANT_CONVERSION = YES;
				CLANG_WARN_DEPRECATED_OBJC_IMPLEMENTATIONS = YES;
				CLANG_WARN_DIRECT_OBJC_ISA_USAGE = YES_ERROR;
				CLANG_WARN_DOCUMENTATION_COMMENTS = YES;
				CLANG_WARN_EMPTY_BODY = YES;
				CLANG_WARN_ENUM_CONVERSION = YES;
				CLANG_WARN_INFINITE_RECURSION = YES;
				CLANG_WARN_INT_CONVERSION = YES;
				CLANG_WARN_NON_LITERAL_NULL_CONVERSION = YES;
				CLANG_WARN_OBJC_IMPLICIT_RETAIN_SELF = YES;
				CLANG_WARN_OBJC_LITERAL_CONVERSION = YES;
				CLANG_WARN_OBJC_ROOT_CLASS = YES_ERROR;
				CLANG_WARN_QUOTED_INCLUDE_IN_FRAMEWORK_HEADER = YES;
				CLANG_WARN_RANGE_LOOP_ANALYSIS = YES;
				CLANG_WARN_STRICT_PROTOTYPES = YES;
				CLANG_WARN_SUSPICIOUS_MOVE = YES;
				CLANG_WARN_UNGUARDED_AVAILABILITY = YES_AGGRESSIVE;
				CLANG_WARN_UNREACHABLE_CODE = YES;
				CLANG_WARN__DUPLICATE_METHOD_MATCH = YES;
				COPY_PHASE_STRIP = NO;
				DEBUG_INFORMATION_FORMAT = dwarf;
				ENABLE_STRICT_OBJC_MSGSEND = YES;
				ENABLE_TESTABILITY = YES;
				GCC_C_LANGUAGE_STANDARD = gnu11;
				GCC_DYNAMIC_NO_PIC = NO;
				GCC_NO_COMMON_BLOCKS = YES;
				GCC_OPTIMIZATION_LEVEL = 0;
				GCC_PREPROCESSOR_DEFINITIONS = (
					"DEBUG=1",
					"$(inherited)",
				);
				GCC_WARN_64_TO_32_BIT_CONVERSION = YES;
				GCC_WARN_ABOUT_RETURN_TYPE = YES_ERROR;
				GCC_WARN_UNDECLARED_SELECTOR = YES;
				GCC_WARN_UNINITIALIZED_AUTOS = YES_AGGRESSIVE;
				GCC_WARN_UNUSED_FUNCTION = YES;
				GCC_WARN_UNUSED_VARIABLE = YES;
				IPHONEOS_DEPLOYMENT_TARGET = 15.4;
				MTL_ENABLE_DEBUG_INFO = INCLUDE_SOURCE;
				MTL_FAST_MATH = YES;
				ONLY_ACTIVE_ARCH = YES;
				SDKROOT = iphoneos;
			};
			name = Debug;
		};
		5EE9805328163C9700ABC285 /* Release */ = {
			isa = XCBuildConfiguration;
			buildSettings = {
				ALWAYS_SEARCH_USER_PATHS = NO;
				CLANG_ANALYZER_NONNULL = YES;
				CLANG_ANALYZER_NUMBER_OBJECT_CONVERSION = YES_AGGRESSIVE;
				CLANG_CXX_LANGUAGE_STANDARD = "gnu++17";
				CLANG_ENABLE_MODULES = YES;
				CLANG_ENABLE_OBJC_ARC = YES;
				CLANG_ENABLE_OBJC_WEAK = YES;
				CLANG_WARN_BLOCK_CAPTURE_AUTORELEASING = YES;
				CLANG_WARN_BOOL_CONVERSION = YES;
				CLANG_WARN_COMMA = YES;
				CLANG_WARN_CONSTANT_CONVERSION = YES;
				CLANG_WARN_DEPRECATED_OBJC_IMPLEMENTATIONS = YES;
				CLANG_WARN_DIRECT_OBJC_ISA_USAGE = YES_ERROR;
				CLANG_WARN_DOCUMENTATION_COMMENTS = YES;
				CLANG_WARN_EMPTY_BODY = YES;
				CLANG_WARN_ENUM_CONVERSION = YES;
				CLANG_WARN_INFINITE_RECURSION = YES;
				CLANG_WARN_INT_CONVERSION = YES;
				CLANG_WARN_NON_LITERAL_NULL_CONVERSION = YES;
				CLANG_WARN_OBJC_IMPLICIT_RETAIN_SELF = YES;
				CLANG_WARN_OBJC_LITERAL_CONVERSION = YES;
				CLANG_WARN_OBJC_ROOT_CLASS = YES_ERROR;
				CLANG_WARN_QUOTED_INCLUDE_IN_FRAMEWORK_HEADER = YES;
				CLANG_WARN_RANGE_LOOP_ANALYSIS = YES;
				CLANG_WARN_STRICT_PROTOTYPES = YES;
				CLANG_WARN_SUSPICIOUS_MOVE = YES;
				CLANG_WARN_UNGUARDED_AVAILABILITY = YES_AGGRESSIVE;
				CLANG_WARN_UNREACHABLE_CODE = YES;
				CLANG_WARN__DUPLICATE_METHOD_MATCH = YES;
				COPY_PHASE_STRIP = NO;
				DEBUG_INFORMATION_FORMAT = "dwarf-with-dsym";
				ENABLE_NS_ASSERTIONS = NO;
				ENABLE_STRICT_OBJC_MSGSEND = YES;
				GCC_C_LANGUAGE_STANDARD = gnu11;
				GCC_NO_COMMON_BLOCKS = YES;
				GCC_WARN_64_TO_32_BIT_CONVERSION = YES;
				GCC_WARN_ABOUT_RETURN_TYPE = YES_ERROR;
				GCC_WARN_UNDECLARED_SELECTOR = YES;
				GCC_WARN_UNINITIALIZED_AUTOS = YES_AGGRESSIVE;
				GCC_WARN_UNUSED_FUNCTION = YES;
				GCC_WARN_UNUSED_VARIABLE = YES;
				IPHONEOS_DEPLOYMENT_TARGET = 15.4;
				MTL_ENABLE_DEBUG_INFO = NO;
				MTL_FAST_MATH = YES;
				SDKROOT = iphoneos;
				VALIDATE_PRODUCT = YES;
			};
			name = Release;
		};
		5EE9805528163C9700ABC285 /* Debug */ = {
			isa = XCBuildConfiguration;
			buildSettings = {
				ASSETCATALOG_COMPILER_APPICON_NAME = AppIcon;
				ASSETCATALOG_COMPILER_GLOBAL_ACCENT_COLOR_NAME = AccentColor;
				CODE_SIGN_STYLE = Automatic;
				CURRENT_PROJECT_VERSION = 1;
				DEVELOPMENT_TEAM = 9PL68U2V83;
				GENERATE_INFOPLIST_FILE = YES;
				INFOPLIST_FILE = Test/Info.plist;
				INFOPLIST_KEY_UIApplicationSupportsIndirectInputEvents = YES;
				INFOPLIST_KEY_UILaunchStoryboardName = LaunchScreen;
				INFOPLIST_KEY_UIMainStoryboardFile = Main;
				INFOPLIST_KEY_UISupportedInterfaceOrientations_iPad = "UIInterfaceOrientationPortrait UIInterfaceOrientationPortraitUpsideDown UIInterfaceOrientationLandscapeLeft UIInterfaceOrientationLandscapeRight";
				INFOPLIST_KEY_UISupportedInterfaceOrientations_iPhone = "UIInterfaceOrientationPortrait UIInterfaceOrientationLandscapeLeft UIInterfaceOrientationLandscapeRight";
				IPHONEOS_DEPLOYMENT_TARGET = 13.0;
				LD_RUNPATH_SEARCH_PATHS = (
					"$(inherited)",
					"@executable_path/Frameworks",
				);
				MARKETING_VERSION = 1.0;
				PRODUCT_BUNDLE_IDENTIFIER = mxl.Test;
				PRODUCT_NAME = "$(TARGET_NAME)";
				SWIFT_EMIT_LOC_STRINGS = YES;
				TARGETED_DEVICE_FAMILY = "1,2";
			};
			name = Debug;
		};
		5EE9805628163C9700ABC285 /* Release */ = {
			isa = XCBuildConfiguration;
			buildSettings = {
				ASSETCATALOG_COMPILER_APPICON_NAME = AppIcon;
				ASSETCATALOG_COMPILER_GLOBAL_ACCENT_COLOR_NAME = AccentColor;
				CODE_SIGN_STYLE = Automatic;
				CURRENT_PROJECT_VERSION = 1;
				DEVELOPMENT_TEAM = 9PL68U2V83;
				GENERATE_INFOPLIST_FILE = YES;
				INFOPLIST_FILE = Test/Info.plist;
				INFOPLIST_KEY_UIApplicationSupportsIndirectInputEvents = YES;
				INFOPLIST_KEY_UILaunchStoryboardName = LaunchScreen;
				INFOPLIST_KEY_UIMainStoryboardFile = Main;
				INFOPLIST_KEY_UISupportedInterfaceOrientations_iPad = "UIInterfaceOrientationPortrait UIInterfaceOrientationPortraitUpsideDown UIInterfaceOrientationLandscapeLeft UIInterfaceOrientationLandscapeRight";
				INFOPLIST_KEY_UISupportedInterfaceOrientations_iPhone = "UIInterfaceOrientationPortrait UIInterfaceOrientationLandscapeLeft UIInterfaceOrientationLandscapeRight";
				IPHONEOS_DEPLOYMENT_TARGET = 13.0;
				LD_RUNPATH_SEARCH_PATHS = (
					"$(inherited)",
					"@executable_path/Frameworks",
				);
				MARKETING_VERSION = 1.0;
				PRODUCT_BUNDLE_IDENTIFIER = mxl.Test;
				PRODUCT_NAME = "$(TARGET_NAME)";
				SWIFT_EMIT_LOC_STRINGS = YES;
				TARGETED_DEVICE_FAMILY = "1,2";
			};
			name = Release;
		};
		5EE9805828163C9700ABC285 /* Debug */ = {
			isa = XCBuildConfiguration;
			buildSettings = {
				BUNDLE_LOADER = "$(TEST_HOST)";
				CODE_SIGN_STYLE = Automatic;
				CURRENT_PROJECT_VERSION = 1;
				GENERATE_INFOPLIST_FILE = YES;
				IPHONEOS_DEPLOYMENT_TARGET = 15.4;
				MARKETING_VERSION = 1.0;
				PRODUCT_BUNDLE_IDENTIFIER = mxl.TestTests;
				PRODUCT_NAME = "$(TARGET_NAME)";
				SWIFT_EMIT_LOC_STRINGS = NO;
				TARGETED_DEVICE_FAMILY = "1,2";
				TEST_HOST = "$(BUILT_PRODUCTS_DIR)/Test.app/Test";
			};
			name = Debug;
		};
		5EE9805928163C9700ABC285 /* Release */ = {
			isa = XCBuildConfiguration;
			buildSettings = {
				BUNDLE_LOADER = "$(TEST_HOST)";
				CODE_SIGN_STYLE = Automatic;
				CURRENT_PROJECT_VERSION = 1;
				GENERATE_INFOPLIST_FILE = YES;
				IPHONEOS_DEPLOYMENT_TARGET = 15.4;
				MARKETING_VERSION = 1.0;
				PRODUCT_BUNDLE_IDENTIFIER = mxl.TestTests;
				PRODUCT_NAME = "$(TARGET_NAME)";
				SWIFT_EMIT_LOC_STRINGS = NO;
				TARGETED_DEVICE_FAMILY = "1,2";
				TEST_HOST = "$(BUILT_PRODUCTS_DIR)/Test.app/Test";
			};
			name = Release;
		};
		5EE9805B28163C9700ABC285 /* Debug */ = {
			isa = XCBuildConfiguration;
			buildSettings = {
				CODE_SIGN_STYLE = Automatic;
				CURRENT_PROJECT_VERSION = 1;
				GENERATE_INFOPLIST_FILE = YES;
				MARKETING_VERSION = 1.0;
				PRODUCT_BUNDLE_IDENTIFIER = mxl.TestUITests;
				PRODUCT_NAME = "$(TARGET_NAME)";
				SWIFT_EMIT_LOC_STRINGS = NO;
				TARGETED_DEVICE_FAMILY = "1,2";
				TEST_TARGET_NAME = Test;
			};
			name = Debug;
		};
		5EE9805C28163C9700ABC285 /* Release */ = {
			isa = XCBuildConfiguration;
			buildSettings = {
				CODE_SIGN_STYLE = Automatic;
				CURRENT_PROJECT_VERSION = 1;
				GENERATE_INFOPLIST_FILE = YES;
				MARKETING_VERSION = 1.0;
				PRODUCT_BUNDLE_IDENTIFIER = mxl.TestUITests;
				PRODUCT_NAME = "$(TARGET_NAME)";
				SWIFT_EMIT_LOC_STRINGS = NO;
				TARGETED_DEVICE_FAMILY = "1,2";
				TEST_TARGET_NAME = Test;
			};
			name = Release;
		};
/* End XCBuildConfiguration section */

/* Begin XCConfigurationList section */
		5EE9802028163C9400ABC285 /* Build configuration list for PBXProject "Test" */ = {
			isa = XCConfigurationList;
			buildConfigurations = (
				5EE9805228163C9700ABC285 /* Debug */,
				5EE9805328163C9700ABC285 /* Release */,
			);
			defaultConfigurationIsVisible = 0;
			defaultConfigurationName = Release;
		};
		5EE9805428163C9700ABC285 /* Build configuration list for PBXNativeTarget "Test" */ = {
			isa = XCConfigurationList;
			buildConfigurations = (
				5EE9805528163C9700ABC285 /* Debug */,
				5EE9805628163C9700ABC285 /* Release */,
			);
			defaultConfigurationIsVisible = 0;
			defaultConfigurationName = Release;
		};
		5EE9805728163C9700ABC285 /* Build configuration list for PBXNativeTarget "TestTests" */ = {
			isa = XCConfigurationList;
			buildConfigurations = (
				5EE9805828163C9700ABC285 /* Debug */,
				5EE9805928163C9700ABC285 /* Release */,
			);
			defaultConfigurationIsVisible = 0;
			defaultConfigurationName = Release;
		};
		5EE9805A28163C9700ABC285 /* Build configuration list for PBXNativeTarget "TestUITests" */ = {
			isa = XCConfigurationList;
			buildConfigurations = (
				5EE9805B28163C9700ABC285 /* Debug */,
				5EE9805C28163C9700ABC285 /* Release */,
			);
			defaultConfigurationIsVisible = 0;
			defaultConfigurationName = Release;
		};
/* End XCConfigurationList section */
	};
	rootObject = 5EE9801D28163C9400ABC285 /* Project object */;
}
