// !$*UTF8*$!
{
	archiveVersion = 1;
	classes = {
	};
	objectVersion = 55;
	objects = {

/* Begin PBXBuildFile section */
		5EBD92452837711E00209E62 /* AppDelegate.m in Sources */ = {isa = PBXBuildFile; fileRef = 5EBD92442837711E00209E62 /* AppDelegate.m */; };
		5EBD92482837711E00209E62 /* SceneDelegate.m in Sources */ = {isa = PBXBuildFile; fileRef = 5EBD92472837711E00209E62 /* SceneDelegate.m */; };
		5EBD924B2837711E00209E62 /* ViewController.m in Sources */ = {isa = PBXBuildFile; fileRef = 5EBD924A2837711E00209E62 /* ViewController.m */; };
		5EBD924E2837711E00209E62 /* Main.storyboard in Resources */ = {isa = PBXBuildFile; fileRef = 5EBD924C2837711E00209E62 /* Main.storyboard */; };
		5EBD92502837712200209E62 /* Assets.xcassets in Resources */ = {isa = PBXBuildFile; fileRef = 5EBD924F2837712200209E62 /* Assets.xcassets */; };
		5EBD92532837712200209E62 /* LaunchScreen.storyboard in Resources */ = {isa = PBXBuildFile; fileRef = 5EBD92512837712200209E62 /* LaunchScreen.storyboard */; };
		5EBD92562837712200209E62 /* main.m in Sources */ = {isa = PBXBuildFile; fileRef = 5EBD92552837712200209E62 /* main.m */; };
		5EBD92602837712200209E62 /* LLDB__Tests.m in Sources */ = {isa = PBXBuildFile; fileRef = 5EBD925F2837712200209E62 /* LLDB__Tests.m */; };
		5EBD926A2837712200209E62 /* LLDB__UITests.m in Sources */ = {isa = PBXBuildFile; fileRef = 5EBD92692837712200209E62 /* LLDB__UITests.m */; };
		5EBD926C2837712200209E62 /* LLDB__UITestsLaunchTests.m in Sources */ = {isa = PBXBuildFile; fileRef = 5EBD926B2837712200209E62 /* LLDB__UITestsLaunchTests.m */; };
/* End PBXBuildFile section */

/* Begin PBXContainerItemProxy section */
		5EBD925C2837712200209E62 /* PBXContainerItemProxy */ = {
			isa = PBXContainerItemProxy;
			containerPortal = 5EBD92382837711E00209E62 /* Project object */;
			proxyType = 1;
			remoteGlobalIDString = 5EBD923F2837711E00209E62;
			remoteInfo = "LLDB指令";
		};
		5EBD92662837712200209E62 /* PBXContainerItemProxy */ = {
			isa = PBXContainerItemProxy;
			containerPortal = 5EBD92382837711E00209E62 /* Project object */;
			proxyType = 1;
			remoteGlobalIDString = 5EBD923F2837711E00209E62;
			remoteInfo = "LLDB指令";
		};
/* End PBXContainerItemProxy section */

/* Begin PBXFileReference section */
		5EBD92402837711E00209E62 /* LLDB指令.app */ = {isa = PBXFileReference; explicitFileType = wrapper.application; includeInIndex = 0; path = "LLDB指令.app"; sourceTree = BUILT_PRODUCTS_DIR; };
		5EBD92432837711E00209E62 /* AppDelegate.h */ = {isa = PBXFileReference; lastKnownFileType = sourcecode.c.h; path = AppDelegate.h; sourceTree = "<group>"; };
		5EBD92442837711E00209E62 /* AppDelegate.m */ = {isa = PBXFileReference; lastKnownFileType = sourcecode.c.objc; path = AppDelegate.m; sourceTree = "<group>"; };
		5EBD92462837711E00209E62 /* SceneDelegate.h */ = {isa = PBXFileReference; lastKnownFileType = sourcecode.c.h; path = SceneDelegate.h; sourceTree = "<group>"; };
		5EBD92472837711E00209E62 /* SceneDelegate.m */ = {isa = PBXFileReference; lastKnownFileType = sourcecode.c.objc; path = SceneDelegate.m; sourceTree = "<group>"; };
		5EBD92492837711E00209E62 /* ViewController.h */ = {isa = PBXFileReference; lastKnownFileType = sourcecode.c.h; path = ViewController.h; sourceTree = "<group>"; };
		5EBD924A2837711E00209E62 /* ViewController.m */ = {isa = PBXFileReference; lastKnownFileType = sourcecode.c.objc; path = ViewController.m; sourceTree = "<group>"; };
		5EBD924D2837711E00209E62 /* Base */ = {isa = PBXFileReference; lastKnownFileType = file.storyboard; name = Base; path = Base.lproj/Main.storyboard; sourceTree = "<group>"; };
		5EBD924F2837712200209E62 /* Assets.xcassets */ = {isa = PBXFileReference; lastKnownFileType = folder.assetcatalog; path = Assets.xcassets; sourceTree = "<group>"; };
		5EBD92522837712200209E62 /* Base */ = {isa = PBXFileReference; lastKnownFileType = file.storyboard; name = Base; path = Base.lproj/LaunchScreen.storyboard; sourceTree = "<group>"; };
		5EBD92542837712200209E62 /* Info.plist */ = {isa = PBXFileReference; lastKnownFileType = text.plist.xml; path = Info.plist; sourceTree = "<group>"; };
		5EBD92552837712200209E62 /* main.m */ = {isa = PBXFileReference; lastKnownFileType = sourcecode.c.objc; path = main.m; sourceTree = "<group>"; };
		5EBD925B2837712200209E62 /* LLDB指令Tests.xctest */ = {isa = PBXFileReference; explicitFileType = wrapper.cfbundle; includeInIndex = 0; path = "LLDB指令Tests.xctest"; sourceTree = BUILT_PRODUCTS_DIR; };
		5EBD925F2837712200209E62 /* LLDB__Tests.m */ = {isa = PBXFileReference; lastKnownFileType = sourcecode.c.objc; path = LLDB__Tests.m; sourceTree = "<group>"; };
		5EBD92652837712200209E62 /* LLDB指令UITests.xctest */ = {isa = PBXFileReference; explicitFileType = wrapper.cfbundle; includeInIndex = 0; path = "LLDB指令UITests.xctest"; sourceTree = BUILT_PRODUCTS_DIR; };
		5EBD92692837712200209E62 /* LLDB__UITests.m */ = {isa = PBXFileReference; lastKnownFileType = sourcecode.c.objc; path = LLDB__UITests.m; sourceTree = "<group>"; };
		5EBD926B2837712200209E62 /* LLDB__UITestsLaunchTests.m */ = {isa = PBXFileReference; lastKnownFileType = sourcecode.c.objc; path = LLDB__UITestsLaunchTests.m; sourceTree = "<group>"; };
/* End PBXFileReference section */

/* Begin PBXFrameworksBuildPhase section */
		5EBD923D2837711E00209E62 /* Frameworks */ = {
			isa = PBXFrameworksBuildPhase;
			buildActionMask = 2147483647;
			files = (
			);
			runOnlyForDeploymentPostprocessing = 0;
		};
		5EBD92582837712200209E62 /* Frameworks */ = {
			isa = PBXFrameworksBuildPhase;
			buildActionMask = 2147483647;
			files = (
			);
			runOnlyForDeploymentPostprocessing = 0;
		};
		5EBD92622837712200209E62 /* Frameworks */ = {
			isa = PBXFrameworksBuildPhase;
			buildActionMask = 2147483647;
			files = (
			);
			runOnlyForDeploymentPostprocessing = 0;
		};
/* End PBXFrameworksBuildPhase section */

/* Begin PBXGroup section */
		5EBD92372837711E00209E62 = {
			isa = PBXGroup;
			children = (
				5EBD92422837711E00209E62 /* LLDB指令 */,
				5EBD925E2837712200209E62 /* LLDB指令Tests */,
				5EBD92682837712200209E62 /* LLDB指令UITests */,
				5EBD92412837711E00209E62 /* Products */,
			);
			sourceTree = "<group>";
		};
		5EBD92412837711E00209E62 /* Products */ = {
			isa = PBXGroup;
			children = (
				5EBD92402837711E00209E62 /* LLDB指令.app */,
				5EBD925B2837712200209E62 /* LLDB指令Tests.xctest */,
				5EBD92652837712200209E62 /* LLDB指令UITests.xctest */,
			);
			name = Products;
			sourceTree = "<group>";
		};
		5EBD92422837711E00209E62 /* LLDB指令 */ = {
			isa = PBXGroup;
			children = (
				5EBD92432837711E00209E62 /* AppDelegate.h */,
				5EBD92442837711E00209E62 /* AppDelegate.m */,
				5EBD92462837711E00209E62 /* SceneDelegate.h */,
				5EBD92472837711E00209E62 /* SceneDelegate.m */,
				5EBD92492837711E00209E62 /* ViewController.h */,
				5EBD924A2837711E00209E62 /* ViewController.m */,
				5EBD924C2837711E00209E62 /* Main.storyboard */,
				5EBD924F2837712200209E62 /* Assets.xcassets */,
				5EBD92512837712200209E62 /* LaunchScreen.storyboard */,
				5EBD92542837712200209E62 /* Info.plist */,
				5EBD92552837712200209E62 /* main.m */,
			);
			path = "LLDB指令";
			sourceTree = "<group>";
		};
		5EBD925E2837712200209E62 /* LLDB指令Tests */ = {
			isa = PBXGroup;
			children = (
				5EBD925F2837712200209E62 /* LLDB__Tests.m */,
			);
			path = "LLDB指令Tests";
			sourceTree = "<group>";
		};
		5EBD92682837712200209E62 /* LLDB指令UITests */ = {
			isa = PBXGroup;
			children = (
				5EBD92692837712200209E62 /* LLDB__UITests.m */,
				5EBD926B2837712200209E62 /* LLDB__UITestsLaunchTests.m */,
			);
			path = "LLDB指令UITests";
			sourceTree = "<group>";
		};
/* End PBXGroup section */

/* Begin PBXNativeTarget section */
		5EBD923F2837711E00209E62 /* LLDB指令 */ = {
			isa = PBXNativeTarget;
			buildConfigurationList = 5EBD926F2837712200209E62 /* Build configuration list for PBXNativeTarget "LLDB指令" */;
			buildPhases = (
				5EBD923C2837711E00209E62 /* Sources */,
				5EBD923D2837711E00209E62 /* Frameworks */,
				5EBD923E2837711E00209E62 /* Resources */,
			);
			buildRules = (
			);
			dependencies = (
			);
			name = "LLDB指令";
			productName = "LLDB指令";
			productReference = 5EBD92402837711E00209E62 /* LLDB指令.app */;
			productType = "com.apple.product-type.application";
		};
		5EBD925A2837712200209E62 /* LLDB指令Tests */ = {
			isa = PBXNativeTarget;
			buildConfigurationList = 5EBD92722837712200209E62 /* Build configuration list for PBXNativeTarget "LLDB指令Tests" */;
			buildPhases = (
				5EBD92572837712200209E62 /* Sources */,
				5EBD92582837712200209E62 /* Frameworks */,
				5EBD92592837712200209E62 /* Resources */,
			);
			buildRules = (
			);
			dependencies = (
				5EBD925D2837712200209E62 /* PBXTargetDependency */,
			);
			name = "LLDB指令Tests";
			productName = "LLDB指令Tests";
			productReference = 5EBD925B2837712200209E62 /* LLDB指令Tests.xctest */;
			productType = "com.apple.product-type.bundle.unit-test";
		};
		5EBD92642837712200209E62 /* LLDB指令UITests */ = {
			isa = PBXNativeTarget;
			buildConfigurationList = 5EBD92752837712200209E62 /* Build configuration list for PBXNativeTarget "LLDB指令UITests" */;
			buildPhases = (
				5EBD92612837712200209E62 /* Sources */,
				5EBD92622837712200209E62 /* Frameworks */,
				5EBD92632837712200209E62 /* Resources */,
			);
			buildRules = (
			);
			dependencies = (
				5EBD92672837712200209E62 /* PBXTargetDependency */,
			);
			name = "LLDB指令UITests";
			productName = "LLDB指令UITests";
			productReference = 5EBD92652837712200209E62 /* LLDB指令UITests.xctest */;
			productType = "com.apple.product-type.bundle.ui-testing";
		};
/* End PBXNativeTarget section */

/* Begin PBXProject section */
		5EBD92382837711E00209E62 /* Project object */ = {
			isa = PBXProject;
			attributes = {
				BuildIndependentTargetsInParallel = 1;
				LastUpgradeCheck = 1340;
				TargetAttributes = {
					5EBD923F2837711E00209E62 = {
						CreatedOnToolsVersion = 13.4;
					};
					5EBD925A2837712200209E62 = {
						CreatedOnToolsVersion = 13.4;
						TestTargetID = 5EBD923F2837711E00209E62;
					};
					5EBD92642837712200209E62 = {
						CreatedOnToolsVersion = 13.4;
						TestTargetID = 5EBD923F2837711E00209E62;
					};
				};
			};
			buildConfigurationList = 5EBD923B2837711E00209E62 /* Build configuration list for PBXProject "LLDB指令" */;
			compatibilityVersion = "Xcode 13.0";
			developmentRegion = en;
			hasScannedForEncodings = 0;
			knownRegions = (
				en,
				Base,
			);
			mainGroup = 5EBD92372837711E00209E62;
			productRefGroup = 5EBD92412837711E00209E62 /* Products */;
			projectDirPath = "";
			projectRoot = "";
			targets = (
				5EBD923F2837711E00209E62 /* LLDB指令 */,
				5EBD925A2837712200209E62 /* LLDB指令Tests */,
				5EBD92642837712200209E62 /* LLDB指令UITests */,
			);
		};
/* End PBXProject section */

/* Begin PBXResourcesBuildPhase section */
		5EBD923E2837711E00209E62 /* Resources */ = {
			isa = PBXResourcesBuildPhase;
			buildActionMask = 2147483647;
			files = (
				5EBD92532837712200209E62 /* LaunchScreen.storyboard in Resources */,
				5EBD92502837712200209E62 /* Assets.xcassets in Resources */,
				5EBD924E2837711E00209E62 /* Main.storyboard in Resources */,
			);
			runOnlyForDeploymentPostprocessing = 0;
		};
		5EBD92592837712200209E62 /* Resources */ = {
			isa = PBXResourcesBuildPhase;
			buildActionMask = 2147483647;
			files = (
			);
			runOnlyForDeploymentPostprocessing = 0;
		};
		5EBD92632837712200209E62 /* Resources */ = {
			isa = PBXResourcesBuildPhase;
			buildActionMask = 2147483647;
			files = (
			);
			runOnlyForDeploymentPostprocessing = 0;
		};
/* End PBXResourcesBuildPhase section */

/* Begin PBXSourcesBuildPhase section */
		5EBD923C2837711E00209E62 /* Sources */ = {
			isa = PBXSourcesBuildPhase;
			buildActionMask = 2147483647;
			files = (
				5EBD924B2837711E00209E62 /* ViewController.m in Sources */,
				5EBD92452837711E00209E62 /* AppDelegate.m in Sources */,
				5EBD92562837712200209E62 /* main.m in Sources */,
				5EBD92482837711E00209E62 /* SceneDelegate.m in Sources */,
			);
			runOnlyForDeploymentPostprocessing = 0;
		};
		5EBD92572837712200209E62 /* Sources */ = {
			isa = PBXSourcesBuildPhase;
			buildActionMask = 2147483647;
			files = (
				5EBD92602837712200209E62 /* LLDB__Tests.m in Sources */,
			);
			runOnlyForDeploymentPostprocessing = 0;
		};
		5EBD92612837712200209E62 /* Sources */ = {
			isa = PBXSourcesBuildPhase;
			buildActionMask = 2147483647;
			files = (
				5EBD926C2837712200209E62 /* LLDB__UITestsLaunchTests.m in Sources */,
				5EBD926A2837712200209E62 /* LLDB__UITests.m in Sources */,
			);
			runOnlyForDeploymentPostprocessing = 0;
		};
/* End PBXSourcesBuildPhase section */

/* Begin PBXTargetDependency section */
		5EBD925D2837712200209E62 /* PBXTargetDependency */ = {
			isa = PBXTargetDependency;
			target = 5EBD923F2837711E00209E62 /* LLDB指令 */;
			targetProxy = 5EBD925C2837712200209E62 /* PBXContainerItemProxy */;
		};
		5EBD92672837712200209E62 /* PBXTargetDependency */ = {
			isa = PBXTargetDependency;
			target = 5EBD923F2837711E00209E62 /* LLDB指令 */;
			targetProxy = 5EBD92662837712200209E62 /* PBXContainerItemProxy */;
		};
/* End PBXTargetDependency section */

/* Begin PBXVariantGroup section */
		5EBD924C2837711E00209E62 /* Main.storyboard */ = {
			isa = PBXVariantGroup;
			children = (
				5EBD924D2837711E00209E62 /* Base */,
			);
			name = Main.storyboard;
			sourceTree = "<group>";
		};
		5EBD92512837712200209E62 /* LaunchScreen.storyboard */ = {
			isa = PBXVariantGroup;
			children = (
				5EBD92522837712200209E62 /* Base */,
			);
			name = LaunchScreen.storyboard;
			sourceTree = "<group>";
		};
/* End PBXVariantGroup section */

/* Begin XCBuildConfiguration section */
		5EBD926D2837712200209E62 /* Debug */ = {
			isa = XCBuildConfiguration;
			buildSettings = {
				ALWAYS_SEARCH_USER_PATHS = NO;
				CLANG_ANALYZER_NONNULL = YES;
				CLANG_ANALYZER_NUMBER_OBJECT_CONVERSION = YES_AGGRESSIVE;
				CLANG_CXX_LANGUAGE_STANDARD = "gnu++17";
				CLANG_ENABLE_MODULES = YES;
				CLANG_ENABLE_OBJC_ARC = YES;
				CLANG_ENABLE_OBJC_WEAK = YES;
				CLANG_WARN_BLOCK_CAPTURE_AUTORELEASING = YES;
				CLANG_WARN_BOOL_CONVERSION = YES;
				CLANG_WARN_COMMA = YES;
				CLANG_WARN_CONSTANT_CONVERSION = YES;
				CLANG_WARN_DEPRECATED_OBJC_IMPLEMENTATIONS = YES;
				CLANG_WARN_DIRECT_OBJC_ISA_USAGE = YES_ERROR;
				CLANG_WARN_DOCUMENTATION_COMMENTS = YES;
				CLANG_WARN_EMPTY_BODY = YES;
				CLANG_WARN_ENUM_CONVERSION = YES;
				CLANG_WARN_INFINITE_RECURSION = YES;
				CLANG_WARN_INT_CONVERSION = YES;
				CLANG_WARN_NON_LITERAL_NULL_CONVERSION = YES;
				CLANG_WARN_OBJC_IMPLICIT_RETAIN_SELF = YES;
				CLANG_WARN_OBJC_LITERAL_CONVERSION = YES;
				CLANG_WARN_OBJC_ROOT_CLASS = YES_ERROR;
				CLANG_WARN_QUOTED_INCLUDE_IN_FRAMEWORK_HEADER = YES;
				CLANG_WARN_RANGE_LOOP_ANALYSIS = YES;
				CLANG_WARN_STRICT_PROTOTYPES = YES;
				CLANG_WARN_SUSPICIOUS_MOVE = YES;
				CLANG_WARN_UNGUARDED_AVAILABILITY = YES_AGGRESSIVE;
				CLANG_WARN_UNREACHABLE_CODE = YES;
				CLANG_WARN__DUPLICATE_METHOD_MATCH = YES;
				COPY_PHASE_STRIP = NO;
				DEBUG_INFORMATION_FORMAT = dwarf;
				ENABLE_STRICT_OBJC_MSGSEND = YES;
				ENABLE_TESTABILITY = YES;
				GCC_C_LANGUAGE_STANDARD = gnu11;
				GCC_DYNAMIC_NO_PIC = NO;
				GCC_NO_COMMON_BLOCKS = YES;
				GCC_OPTIMIZATION_LEVEL = 0;
				GCC_PREPROCESSOR_DEFINITIONS = (
					"DEBUG=1",
					"$(inherited)",
				);
				GCC_WARN_64_TO_32_BIT_CONVERSION = YES;
				GCC_WARN_ABOUT_RETURN_TYPE = YES_ERROR;
				GCC_WARN_UNDECLARED_SELECTOR = YES;
				GCC_WARN_UNINITIALIZED_AUTOS = YES_AGGRESSIVE;
				GCC_WARN_UNUSED_FUNCTION = YES;
				GCC_WARN_UNUSED_VARIABLE = YES;
				IPHONEOS_DEPLOYMENT_TARGET = 15.5;
				MTL_ENABLE_DEBUG_INFO = INCLUDE_SOURCE;
				MTL_FAST_MATH = YES;
				ONLY_ACTIVE_ARCH = YES;
				SDKROOT = iphoneos;
			};
			name = Debug;
		};
		5EBD926E2837712200209E62 /* Release */ = {
			isa = XCBuildConfiguration;
			buildSettings = {
				ALWAYS_SEARCH_USER_PATHS = NO;
				CLANG_ANALYZER_NONNULL = YES;
				CLANG_ANALYZER_NUMBER_OBJECT_CONVERSION = YES_AGGRESSIVE;
				CLANG_CXX_LANGUAGE_STANDARD = "gnu++17";
				CLANG_ENABLE_MODULES = YES;
				CLANG_ENABLE_OBJC_ARC = YES;
				CLANG_ENABLE_OBJC_WEAK = YES;
				CLANG_WARN_BLOCK_CAPTURE_AUTORELEASING = YES;
				CLANG_WARN_BOOL_CONVERSION = YES;
				CLANG_WARN_COMMA = YES;
				CLANG_WARN_CONSTANT_CONVERSION = YES;
				CLANG_WARN_DEPRECATED_OBJC_IMPLEMENTATIONS = YES;
				CLANG_WARN_DIRECT_OBJC_ISA_USAGE = YES_ERROR;
				CLANG_WARN_DOCUMENTATION_COMMENTS = YES;
				CLANG_WARN_EMPTY_BODY = YES;
				CLANG_WARN_ENUM_CONVERSION = YES;
				CLANG_WARN_INFINITE_RECURSION = YES;
				CLANG_WARN_INT_CONVERSION = YES;
				CLANG_WARN_NON_LITERAL_NULL_CONVERSION = YES;
				CLANG_WARN_OBJC_IMPLICIT_RETAIN_SELF = YES;
				CLANG_WARN_OBJC_LITERAL_CONVERSION = YES;
				CLANG_WARN_OBJC_ROOT_CLASS = YES_ERROR;
				CLANG_WARN_QUOTED_INCLUDE_IN_FRAMEWORK_HEADER = YES;
				CLANG_WARN_RANGE_LOOP_ANALYSIS = YES;
				CLANG_WARN_STRICT_PROTOTYPES = YES;
				CLANG_WARN_SUSPICIOUS_MOVE = YES;
				CLANG_WARN_UNGUARDED_AVAILABILITY = YES_AGGRESSIVE;
				CLANG_WARN_UNREACHABLE_CODE = YES;
				CLANG_WARN__DUPLICATE_METHOD_MATCH = YES;
				COPY_PHASE_STRIP = NO;
				DEBUG_INFORMATION_FORMAT = "dwarf-with-dsym";
				ENABLE_NS_ASSERTIONS = NO;
				ENABLE_STRICT_OBJC_MSGSEND = YES;
				GCC_C_LANGUAGE_STANDARD = gnu11;
				GCC_NO_COMMON_BLOCKS = YES;
				GCC_WARN_64_TO_32_BIT_CONVERSION = YES;
				GCC_WARN_ABOUT_RETURN_TYPE = YES_ERROR;
				GCC_WARN_UNDECLARED_SELECTOR = YES;
				GCC_WARN_UNINITIALIZED_AUTOS = YES_AGGRESSIVE;
				GCC_WARN_UNUSED_FUNCTION = YES;
				GCC_WARN_UNUSED_VARIABLE = YES;
				IPHONEOS_DEPLOYMENT_TARGET = 15.5;
				MTL_ENABLE_DEBUG_INFO = NO;
				MTL_FAST_MATH = YES;
				SDKROOT = iphoneos;
				VALIDATE_PRODUCT = YES;
			};
			name = Release;
		};
		5EBD92702837712200209E62 /* Debug */ = {
			isa = XCBuildConfiguration;
			buildSettings = {
				ASSETCATALOG_COMPILER_APPICON_NAME = AppIcon;
				ASSETCATALOG_COMPILER_GLOBAL_ACCENT_COLOR_NAME = AccentColor;
				CODE_SIGN_STYLE = Automatic;
				CURRENT_PROJECT_VERSION = 1;
				GENERATE_INFOPLIST_FILE = YES;
				INFOPLIST_FILE = "LLDB指令/Info.plist";
				INFOPLIST_KEY_UIApplicationSupportsIndirectInputEvents = YES;
				INFOPLIST_KEY_UILaunchStoryboardName = LaunchScreen;
				INFOPLIST_KEY_UIMainStoryboardFile = Main;
				INFOPLIST_KEY_UISupportedInterfaceOrientations_iPad = "UIInterfaceOrientationPortrait UIInterfaceOrientationPortraitUpsideDown UIInterfaceOrientationLandscapeLeft UIInterfaceOrientationLandscapeRight";
				INFOPLIST_KEY_UISupportedInterfaceOrientations_iPhone = "UIInterfaceOrientationPortrait UIInterfaceOrientationLandscapeLeft UIInterfaceOrientationLandscapeRight";
				LD_RUNPATH_SEARCH_PATHS = (
					"$(inherited)",
					"@executable_path/Frameworks",
				);
				MARKETING_VERSION = 1.0;
				PRODUCT_BUNDLE_IDENTIFIER = "mxl.LLDB--";
				PRODUCT_NAME = "$(TARGET_NAME)";
				SWIFT_EMIT_LOC_STRINGS = YES;
				TARGETED_DEVICE_FAMILY = "1,2";
			};
			name = Debug;
		};
		5EBD92712837712200209E62 /* Release */ = {
			isa = XCBuildConfiguration;
			buildSettings = {
				ASSETCATALOG_COMPILER_APPICON_NAME = AppIcon;
				ASSETCATALOG_COMPILER_GLOBAL_ACCENT_COLOR_NAME = AccentColor;
				CODE_SIGN_STYLE = Automatic;
				CURRENT_PROJECT_VERSION = 1;
				GENERATE_INFOPLIST_FILE = YES;
				INFOPLIST_FILE = "LLDB指令/Info.plist";
				INFOPLIST_KEY_UIApplicationSupportsIndirectInputEvents = YES;
				INFOPLIST_KEY_UILaunchStoryboardName = LaunchScreen;
				INFOPLIST_KEY_UIMainStoryboardFile = Main;
				INFOPLIST_KEY_UISupportedInterfaceOrientations_iPad = "UIInterfaceOrientationPortrait UIInterfaceOrientationPortraitUpsideDown UIInterfaceOrientationLandscapeLeft UIInterfaceOrientationLandscapeRight";
				INFOPLIST_KEY_UISupportedInterfaceOrientations_iPhone = "UIInterfaceOrientationPortrait UIInterfaceOrientationLandscapeLeft UIInterfaceOrientationLandscapeRight";
				LD_RUNPATH_SEARCH_PATHS = (
					"$(inherited)",
					"@executable_path/Frameworks",
				);
				MARKETING_VERSION = 1.0;
				PRODUCT_BUNDLE_IDENTIFIER = "mxl.LLDB--";
				PRODUCT_NAME = "$(TARGET_NAME)";
				SWIFT_EMIT_LOC_STRINGS = YES;
				TARGETED_DEVICE_FAMILY = "1,2";
			};
			name = Release;
		};
		5EBD92732837712200209E62 /* Debug */ = {
			isa = XCBuildConfiguration;
			buildSettings = {
				BUNDLE_LOADER = "$(TEST_HOST)";
				CODE_SIGN_STYLE = Automatic;
				CURRENT_PROJECT_VERSION = 1;
				GENERATE_INFOPLIST_FILE = YES;
				IPHONEOS_DEPLOYMENT_TARGET = 15.5;
				MARKETING_VERSION = 1.0;
				PRODUCT_BUNDLE_IDENTIFIER = "mxl.LLDB--Tests";
				PRODUCT_NAME = "$(TARGET_NAME)";
				SWIFT_EMIT_LOC_STRINGS = NO;
				TARGETED_DEVICE_FAMILY = "1,2";
				TEST_HOST = "$(BUILT_PRODUCTS_DIR)/LLDB指令.app/LLDB指令";
			};
			name = Debug;
		};
		5EBD92742837712200209E62 /* Release */ = {
			isa = XCBuildConfiguration;
			buildSettings = {
				BUNDLE_LOADER = "$(TEST_HOST)";
				CODE_SIGN_STYLE = Automatic;
				CURRENT_PROJECT_VERSION = 1;
				GENERATE_INFOPLIST_FILE = YES;
				IPHONEOS_DEPLOYMENT_TARGET = 15.5;
				MARKETING_VERSION = 1.0;
				PRODUCT_BUNDLE_IDENTIFIER = "mxl.LLDB--Tests";
				PRODUCT_NAME = "$(TARGET_NAME)";
				SWIFT_EMIT_LOC_STRINGS = NO;
				TARGETED_DEVICE_FAMILY = "1,2";
				TEST_HOST = "$(BUILT_PRODUCTS_DIR)/LLDB指令.app/LLDB指令";
			};
			name = Release;
		};
		5EBD92762837712200209E62 /* Debug */ = {
			isa = XCBuildConfiguration;
			buildSettings = {
				CODE_SIGN_STYLE = Automatic;
				CURRENT_PROJECT_VERSION = 1;
				GENERATE_INFOPLIST_FILE = YES;
				MARKETING_VERSION = 1.0;
				PRODUCT_BUNDLE_IDENTIFIER = "mxl.LLDB--UITests";
				PRODUCT_NAME = "$(TARGET_NAME)";
				SWIFT_EMIT_LOC_STRINGS = NO;
				TARGETED_DEVICE_FAMILY = "1,2";
				TEST_TARGET_NAME = "LLDB指令";
			};
			name = Debug;
		};
		5EBD92772837712200209E62 /* Release */ = {
			isa = XCBuildConfiguration;
			buildSettings = {
				CODE_SIGN_STYLE = Automatic;
				CURRENT_PROJECT_VERSION = 1;
				GENERATE_INFOPLIST_FILE = YES;
				MARKETING_VERSION = 1.0;
				PRODUCT_BUNDLE_IDENTIFIER = "mxl.LLDB--UITests";
				PRODUCT_NAME = "$(TARGET_NAME)";
				SWIFT_EMIT_LOC_STRINGS = NO;
				TARGETED_DEVICE_FAMILY = "1,2";
				TEST_TARGET_NAME = "LLDB指令";
			};
			name = Release;
		};
/* End XCBuildConfiguration section */

/* Begin XCConfigurationList section */
		5EBD923B2837711E00209E62 /* Build configuration list for PBXProject "LLDB指令" */ = {
			isa = XCConfigurationList;
			buildConfigurations = (
				5EBD926D2837712200209E62 /* Debug */,
				5EBD926E2837712200209E62 /* Release */,
			);
			defaultConfigurationIsVisible = 0;
			defaultConfigurationName = Release;
		};
		5EBD926F2837712200209E62 /* Build configuration list for PBXNativeTarget "LLDB指令" */ = {
			isa = XCConfigurationList;
			buildConfigurations = (
				5EBD92702837712200209E62 /* Debug */,
				5EBD92712837712200209E62 /* Release */,
			);
			defaultConfigurationIsVisible = 0;
			defaultConfigurationName = Release;
		};
		5EBD92722837712200209E62 /* Build configuration list for PBXNativeTarget "LLDB指令Tests" */ = {
			isa = XCConfigurationList;
			buildConfigurations = (
				5EBD92732837712200209E62 /* Debug */,
				5EBD92742837712200209E62 /* Release */,
			);
			defaultConfigurationIsVisible = 0;
			defaultConfigurationName = Release;
		};
		5EBD92752837712200209E62 /* Build configuration list for PBXNativeTarget "LLDB指令UITests" */ = {
			isa = XCConfigurationList;
			buildConfigurations = (
				5EBD92762837712200209E62 /* Debug */,
				5EBD92772837712200209E62 /* Release */,
			);
			defaultConfigurationIsVisible = 0;
			defaultConfigurationName = Release;
		};
/* End XCConfigurationList section */
	};
	rootObject = 5EBD92382837711E00209E62 /* Project object */;
}
